// !$*UTF8*$!
{
	archiveVersion = 1;
	classes = {
	};
	objectVersion = 77;
	objects = {

/* Begin PBXContainerItemProxy section */
		F5FE8BF32E579DC0005E144D /* PBXContainerItemProxy */ = {
			isa = PBXContainerItemProxy;
			containerPortal = F5FE8BD92E579DBF005E144D /* Project object */;
			proxyType = 1;
			remoteGlobalIDString = F5FE8BE02E579DBF005E144D;
			remoteInfo = ccfddl;
		};
		F5FE8BFD2E579DC0005E144D /* PBXContainerItemProxy */ = {
			isa = PBXContainerItemProxy;
			containerPortal = F5FE8BD92E579DBF005E144D /* Project object */;
			proxyType = 1;
			remoteGlobalIDString = F5FE8BE02E579DBF005E144D;
			remoteInfo = ccfddl;
		};
/* End PBXContainerItemProxy section */

/* Begin PBXFileReference section */
		F5FE8BE12E579DBF005E144D /* ccfddl.app */ = {isa = PBXFileReference; explicitFileType = wrapper.application; includeInIndex = 0; path = ccfddl.app; sourceTree = BUILT_PRODUCTS_DIR; };
		F5FE8BF22E579DC0005E144D /* ccfddlTests.xctest */ = {isa = PBXFileReference; explicitFileType = wrapper.cfbundle; includeInIndex = 0; path = ccfddlTests.xctest; sourceTree = BUILT_PRODUCTS_DIR; };
		F5FE8BFC2E579DC0005E144D /* ccfddlUITests.xctest */ = {isa = PBXFileReference; explicitFileType = wrapper.cfbundle; includeInIndex = 0; path = ccfddlUITests.xctest; sourceTree = BUILT_PRODUCTS_DIR; };
/* End PBXFileReference section */

/* Begin PBXFileSystemSynchronizedRootGroup section */
		F5FE8BE32E579DBF005E144D /* ccfddl */ = {
			isa = PBXFileSystemSynchronizedRootGroup;
			path = ccfddl;
			sourceTree = "<group>";
		};
		F5FE8BF52E579DC0005E144D /* ccfddlTests */ = {
			isa = PBXFileSystemSynchronizedRootGroup;
			path = ccfddlTests;
			sourceTree = "<group>";
		};
		F5FE8BFF2E579DC0005E144D /* ccfddlUITests */ = {
			isa = PBXFileSystemSynchronizedRootGroup;
			path = ccfddlUITests;
			sourceTree = "<group>";
		};
/* End PBXFileSystemSynchronizedRootGroup section */

/* Begin PBXFrameworksBuildPhase section */
		F5FE8BDE2E579DBF005E144D /* Frameworks */ = {
			isa = PBXFrameworksBuildPhase;
			buildActionMask = 2147483647;
			files = (
			);
			runOnlyForDeploymentPostprocessing = 0;
		};
		F5FE8BEF2E579DC0005E144D /* Frameworks */ = {
			isa = PBXFrameworksBuildPhase;
			buildActionMask = 2147483647;
			files = (
			);
			runOnlyForDeploymentPostprocessing = 0;
		};
		F5FE8BF92E579DC0005E144D /* Frameworks */ = {
			isa = PBXFrameworksBuildPhase;
			buildActionMask = 2147483647;
			files = (
			);
			runOnlyForDeploymentPostprocessing = 0;
		};
/* End PBXFrameworksBuildPhase section */

/* Begin PBXGroup section */
		F5FE8BD82E579DBF005E144D = {
			isa = PBXGroup;
			children = (
				F5FE8BE32E579DBF005E144D /* ccfddl */,
				F5FE8BF52E579DC0005E144D /* ccfddlTests */,
				F5FE8BFF2E579DC0005E144D /* ccfddlUITests */,
				F5FE8BE22E579DBF005E144D /* Products */,
			);
			sourceTree = "<group>";
		};
		F5FE8BE22E579DBF005E144D /* Products */ = {
			isa = PBXGroup;
			children = (
				F5FE8BE12E579DBF005E144D /* ccfddl.app */,
				F5FE8BF22E579DC0005E144D /* ccfddlTests.xctest */,
				F5FE8BFC2E579DC0005E144D /* ccfddlUITests.xctest */,
			);
			name = Products;
			sourceTree = "<group>";
		};
/* End PBXGroup section */

/* Begin PBXNativeTarget section */
		F5FE8BE02E579DBF005E144D /* ccfddl */ = {
			isa = PBXNativeTarget;
			buildConfigurationList = F5FE8C062E579DC0005E144D /* Build configuration list for PBXNativeTarget "ccfddl" */;
			buildPhases = (
				F5FE8BDD2E579DBF005E144D /* Sources */,
				F5FE8BDE2E579DBF005E144D /* Frameworks */,
				F5FE8BDF2E579DBF005E144D /* Resources */,
			);
			buildRules = (
			);
			dependencies = (
			);
			fileSystemSynchronizedGroups = (
				F5FE8BE32E579DBF005E144D /* ccfddl */,
			);
			name = ccfddl;
			packageProductDependencies = (
			);
			productName = ccfddl;
			productReference = F5FE8BE12E579DBF005E144D /* ccfddl.app */;
			productType = "com.apple.product-type.application";
		};
		F5FE8BF12E579DC0005E144D /* ccfddlTests */ = {
			isa = PBXNativeTarget;
			buildConfigurationList = F5FE8C092E579DC0005E144D /* Build configuration list for PBXNativeTarget "ccfddlTests" */;
			buildPhases = (
				F5FE8BEE2E579DC0005E144D /* Sources */,
				F5FE8BEF2E579DC0005E144D /* Frameworks */,
				F5FE8BF02E579DC0005E144D /* Resources */,
			);
			buildRules = (
			);
			dependencies = (
				F5FE8BF42E579DC0005E144D /* PBXTargetDependency */,
			);
			fileSystemSynchronizedGroups = (
				F5FE8BF52E579DC0005E144D /* ccfddlTests */,
			);
			name = ccfddlTests;
			packageProductDependencies = (
			);
			productName = ccfddlTests;
			productReference = F5FE8BF22E579DC0005E144D /* ccfddlTests.xctest */;
			productType = "com.apple.product-type.bundle.unit-test";
		};
		F5FE8BFB2E579DC0005E144D /* ccfddlUITests */ = {
			isa = PBXNativeTarget;
			buildConfigurationList = F5FE8C0C2E579DC0005E144D /* Build configuration list for PBXNativeTarget "ccfddlUITests" */;
			buildPhases = (
				F5FE8BF82E579DC0005E144D /* Sources */,
				F5FE8BF92E579DC0005E144D /* Frameworks */,
				F5FE8BFA2E579DC0005E144D /* Resources */,
			);
			buildRules = (
			);
			dependencies = (
				F5FE8BFE2E579DC0005E144D /* PBXTargetDependency */,
			);
			fileSystemSynchronizedGroups = (
				F5FE8BFF2E579DC0005E144D /* ccfddlUITests */,
			);
			name = ccfddlUITests;
			packageProductDependencies = (
			);
			productName = ccfddlUITests;
			productReference = F5FE8BFC2E579DC0005E144D /* ccfddlUITests.xctest */;
			productType = "com.apple.product-type.bundle.ui-testing";
		};
/* End PBXNativeTarget section */

/* Begin PBXProject section */
		F5FE8BD92E579DBF005E144D /* Project object */ = {
			isa = PBXProject;
			attributes = {
				BuildIndependentTargetsInParallel = 1;
				LastSwiftUpdateCheck = 1620;
				LastUpgradeCheck = 1620;
				TargetAttributes = {
					F5FE8BE02E579DBF005E144D = {
						CreatedOnToolsVersion = 16.2;
					};
					F5FE8BF12E579DC0005E144D = {
						CreatedOnToolsVersion = 16.2;
						TestTargetID = F5FE8BE02E579DBF005E144D;
					};
					F5FE8BFB2E579DC0005E144D = {
						CreatedOnToolsVersion = 16.2;
						TestTargetID = F5FE8BE02E579DBF005E144D;
					};
				};
			};
			buildConfigurationList = F5FE8BDC2E579DBF005E144D /* Build configuration list for PBXProject "ccfddl" */;
			developmentRegion = en;
			hasScannedForEncodings = 0;
			knownRegions = (
				en,
				Base,
			);
			mainGroup = F5FE8BD82E579DBF005E144D;
			minimizedProjectReferenceProxies = 1;
			preferredProjectObjectVersion = 77;
			productRefGroup = F5FE8BE22E579DBF005E144D /* Products */;
			projectDirPath = "";
			projectRoot = "";
			targets = (
				F5FE8BE02E579DBF005E144D /* ccfddl */,
				F5FE8BF12E579DC0005E144D /* ccfddlTests */,
				F5FE8BFB2E579DC0005E144D /* ccfddlUITests */,
			);
		};
/* End PBXProject section */

/* Begin PBXResourcesBuildPhase section */
		F5FE8BDF2E579DBF005E144D /* Resources */ = {
			isa = PBXResourcesBuildPhase;
			buildActionMask = 2147483647;
			files = (
			);
			runOnlyForDeploymentPostprocessing = 0;
		};
		F5FE8BF02E579DC0005E144D /* Resources */ = {
			isa = PBXResourcesBuildPhase;
			buildActionMask = 2147483647;
			files = (
			);
			runOnlyForDeploymentPostprocessing = 0;
		};
		F5FE8BFA2E579DC0005E144D /* Resources */ = {
			isa = PBXResourcesBuildPhase;
			buildActionMask = 2147483647;
			files = (
			);
			runOnlyForDeploymentPostprocessing = 0;
		};
/* End PBXResourcesBuildPhase section */

/* Begin PBXSourcesBuildPhase section */
		F5FE8BDD2E579DBF005E144D /* Sources */ = {
			isa = PBXSourcesBuildPhase;
			buildActionMask = 2147483647;
			files = (
			);
			runOnlyForDeploymentPostprocessing = 0;
		};
		F5FE8BEE2E579DC0005E144D /* Sources */ = {
			isa = PBXSourcesBuildPhase;
			buildActionMask = 2147483647;
			files = (
			);
			runOnlyForDeploymentPostprocessing = 0;
		};
		F5FE8BF82E579DC0005E144D /* Sources */ = {
			isa = PBXSourcesBuildPhase;
			buildActionMask = 2147483647;
			files = (
			);
			runOnlyForDeploymentPostprocessing = 0;
		};
/* End PBXSourcesBuildPhase section */

/* Begin PBXTargetDependency section */
		F5FE8BF42E579DC0005E144D /* PBXTargetDependency */ = {
			isa = PBXTargetDependency;
			target = F5FE8BE02E579DBF005E144D /* ccfddl */;
			targetProxy = F5FE8BF32E579DC0005E144D /* PBXContainerItemProxy */;
		};
		F5FE8BFE2E579DC0005E144D /* PBXTargetDependency */ = {
			isa = PBXTargetDependency;
			target = F5FE8BE02E579DBF005E144D /* ccfddl */;
			targetProxy = F5FE8BFD2E579DC0005E144D /* PBXContainerItemProxy */;
		};
/* End PBXTargetDependency section */

/* Begin XCBuildConfiguration section */
		F5FE8C042E579DC0005E144D /* Debug */ = {
			isa = XCBuildConfiguration;
			buildSettings = {
				ALWAYS_SEARCH_USER_PATHS = NO;
				ASSETCATALOG_COMPILER_GENERATE_SWIFT_ASSET_SYMBOL_EXTENSIONS = YES;
				CLANG_ANALYZER_NONNULL = YES;
				CLANG_ANALYZER_NUMBER_OBJECT_CONVERSION = YES_AGGRESSIVE;
				CLANG_CXX_LANGUAGE_STANDARD = "gnu++20";
				CLANG_ENABLE_MODULES = YES;
				CLANG_ENABLE_OBJC_ARC = YES;
				CLANG_ENABLE_OBJC_WEAK = YES;
				CLANG_WARN_BLOCK_CAPTURE_AUTORELEASING = YES;
				CLANG_WARN_BOOL_CONVERSION = YES;
				CLANG_WARN_COMMA = YES;
				CLANG_WARN_CONSTANT_CONVERSION = YES;
				CLANG_WARN_DEPRECATED_OBJC_IMPLEMENTATIONS = YES;
				CLANG_WARN_DIRECT_OBJC_ISA_USAGE = YES_ERROR;
				CLANG_WARN_DOCUMENTATION_COMMENTS = YES;
				CLANG_WARN_EMPTY_BODY = YES;
				CLANG_WARN_ENUM_CONVERSION = YES;
				CLANG_WARN_INFINITE_RECURSION = YES;
				CLANG_WARN_INT_CONVERSION = YES;
				CLANG_WARN_NON_LITERAL_NULL_CONVERSION = YES;
				CLANG_WARN_OBJC_IMPLICIT_RETAIN_SELF = YES;
				CLANG_WARN_OBJC_LITERAL_CONVERSION = YES;
				CLANG_WARN_OBJC_ROOT_CLASS = YES_ERROR;
				CLANG_WARN_QUOTED_INCLUDE_IN_FRAMEWORK_HEADER = YES;
				CLANG_WARN_RANGE_LOOP_ANALYSIS = YES;
				CLANG_WARN_STRICT_PROTOTYPES = YES;
				CLANG_WARN_SUSPICIOUS_MOVE = YES;
				CLANG_WARN_UNGUARDED_AVAILABILITY = YES_AGGRESSIVE;
				CLANG_WARN_UNREACHABLE_CODE = YES;
				CLANG_WARN__DUPLICATE_METHOD_MATCH = YES;
				COPY_PHASE_STRIP = NO;
				DEBUG_INFORMATION_FORMAT = dwarf;
				ENABLE_STRICT_OBJC_MSGSEND = YES;
				ENABLE_TESTABILITY = YES;
				ENABLE_USER_SCRIPT_SANDBOXING = YES;
				GCC_C_LANGUAGE_STANDARD = gnu17;
				GCC_DYNAMIC_NO_PIC = NO;
				GCC_NO_COMMON_BLOCKS = YES;
				GCC_OPTIMIZATION_LEVEL = 0;
				GCC_PREPROCESSOR_DEFINITIONS = (
					"DEBUG=1",
					"$(inherited)",
				);
				GCC_WARN_64_TO_32_BIT_CONVERSION = YES;
				GCC_WARN_ABOUT_RETURN_TYPE = YES_ERROR;
				GCC_WARN_UNDECLARED_SELECTOR = YES;
				GCC_WARN_UNINITIALIZED_AUTOS = YES_AGGRESSIVE;
				GCC_WARN_UNUSED_FUNCTION = YES;
				GCC_WARN_UNUSED_VARIABLE = YES;
				LOCALIZATION_PREFERS_STRING_CATALOGS = YES;
				MACOSX_DEPLOYMENT_TARGET = 15.2;
				MTL_ENABLE_DEBUG_INFO = INCLUDE_SOURCE;
				MTL_FAST_MATH = YES;
				ONLY_ACTIVE_ARCH = YES;
				SDKROOT = macosx;
				SWIFT_ACTIVE_COMPILATION_CONDITIONS = "DEBUG $(inherited)";
				SWIFT_OPTIMIZATION_LEVEL = "-Onone";
			};
			name = Debug;
		};
		F5FE8C052E579DC0005E144D /* Release */ = {
			isa = XCBuildConfiguration;
			buildSettings = {
				ALWAYS_SEARCH_USER_PATHS = NO;
				ASSETCATALOG_COMPILER_GENERATE_SWIFT_ASSET_SYMBOL_EXTENSIONS = YES;
				CLANG_ANALYZER_NONNULL = YES;
				CLANG_ANALYZER_NUMBER_OBJECT_CONVERSION = YES_AGGRESSIVE;
				CLANG_CXX_LANGUAGE_STANDARD = "gnu++20";
				CLANG_ENABLE_MODULES = YES;
				CLANG_ENABLE_OBJC_ARC = YES;
				CLANG_ENABLE_OBJC_WEAK = YES;
				CLANG_WARN_BLOCK_CAPTURE_AUTORELEASING = YES;
				CLANG_WARN_BOOL_CONVERSION = YES;
				CLANG_WARN_COMMA = YES;
				CLANG_WARN_CONSTANT_CONVERSION = YES;
				CLANG_WARN_DEPRECATED_OBJC_IMPLEMENTATIONS = YES;
				CLANG_WARN_DIRECT_OBJC_ISA_USAGE = YES_ERROR;
				CLANG_WARN_DOCUMENTATION_COMMENTS = YES;
				CLANG_WARN_EMPTY_BODY = YES;
				CLANG_WARN_ENUM_CONVERSION = YES;
				CLANG_WARN_INFINITE_RECURSION = YES;
				CLANG_WARN_INT_CONVERSION = YES;
				CLANG_WARN_NON_LITERAL_NULL_CONVERSION = YES;
				CLANG_WARN_OBJC_IMPLICIT_RETAIN_SELF = YES;
				CLANG_WARN_OBJC_LITERAL_CONVERSION = YES;
				CLANG_WARN_OBJC_ROOT_CLASS = YES_ERROR;
				CLANG_WARN_QUOTED_INCLUDE_IN_FRAMEWORK_HEADER = YES;
				CLANG_WARN_RANGE_LOOP_ANALYSIS = YES;
				CLANG_WARN_STRICT_PROTOTYPES = YES;
				CLANG_WARN_SUSPICIOUS_MOVE = YES;
				CLANG_WARN_UNGUARDED_AVAILABILITY = YES_AGGRESSIVE;
				CLANG_WARN_UNREACHABLE_CODE = YES;
				CLANG_WARN__DUPLICATE_METHOD_MATCH = YES;
				COPY_PHASE_STRIP = NO;
				DEBUG_INFORMATION_FORMAT = "dwarf-with-dsym";
				ENABLE_NS_ASSERTIONS = NO;
				ENABLE_STRICT_OBJC_MSGSEND = YES;
				ENABLE_USER_SCRIPT_SANDBOXING = YES;
				GCC_C_LANGUAGE_STANDARD = gnu17;
				GCC_NO_COMMON_BLOCKS = YES;
				GCC_WARN_64_TO_32_BIT_CONVERSION = YES;
				GCC_WARN_ABOUT_RETURN_TYPE = YES_ERROR;
				GCC_WARN_UNDECLARED_SELECTOR = YES;
				GCC_WARN_UNINITIALIZED_AUTOS = YES_AGGRESSIVE;
				GCC_WARN_UNUSED_FUNCTION = YES;
				GCC_WARN_UNUSED_VARIABLE = YES;
				LOCALIZATION_PREFERS_STRING_CATALOGS = YES;
				MACOSX_DEPLOYMENT_TARGET = 15.2;
				MTL_ENABLE_DEBUG_INFO = NO;
				MTL_FAST_MATH = YES;
				SDKROOT = macosx;
				SWIFT_COMPILATION_MODE = wholemodule;
			};
			name = Release;
		};
		F5FE8C072E579DC0005E144D /* Debug */ = {
			isa = XCBuildConfiguration;
			buildSettings = {
				ASSETCATALOG_COMPILER_APPICON_NAME = AppIcon;
				ASSETCATALOG_COMPILER_GLOBAL_ACCENT_COLOR_NAME = AccentColor;
				CODE_SIGN_ENTITLEMENTS = ccfddl/ccfddl.entitlements;
				CODE_SIGN_STYLE = Automatic;
				COMBINE_HIDPI_IMAGES = YES;
				CURRENT_PROJECT_VERSION = 1;
				DEVELOPMENT_ASSET_PATHS = "\"ccfddl/Preview Content\"";
				ENABLE_PREVIEWS = YES;
				GENERATE_INFOPLIST_FILE = YES;
				INFOPLIST_KEY_NSHumanReadableCopyright = "";
				LD_RUNPATH_SEARCH_PATHS = (
					"$(inherited)",
					"@executable_path/../Frameworks",
				);
				MARKETING_VERSION = 1.0;
				PRODUCT_BUNDLE_IDENTIFIER = up.ccfddl;
				PRODUCT_NAME = "$(TARGET_NAME)";
				SWIFT_EMIT_LOC_STRINGS = YES;
				SWIFT_VERSION = 5.0;
			};
			name = Debug;
		};
		F5FE8C082E579DC0005E144D /* Release */ = {
			isa = XCBuildConfiguration;
			buildSettings = {
				ASSETCATALOG_COMPILER_APPICON_NAME = AppIcon;
				ASSETCATALOG_COMPILER_GLOBAL_ACCENT_COLOR_NAME = AccentColor;
				CODE_SIGN_ENTITLEMENTS = ccfddl/ccfddl.entitlements;
				CODE_SIGN_STYLE = Automatic;
				COMBINE_HIDPI_IMAGES = YES;
				CURRENT_PROJECT_VERSION = 1;
				DEVELOPMENT_ASSET_PATHS = "\"ccfddl/Preview Content\"";
				ENABLE_PREVIEWS = YES;
				GENERATE_INFOPLIST_FILE = YES;
				INFOPLIST_KEY_NSHumanReadableCopyright = "";
				LD_RUNPATH_SEARCH_PATHS = (
					"$(inherited)",
					"@executable_path/../Frameworks",
				);
				MARKETING_VERSION = 1.0;
				PRODUCT_BUNDLE_IDENTIFIER = up.ccfddl;
				PRODUCT_NAME = "$(TARGET_NAME)";
				SWIFT_EMIT_LOC_STRINGS = YES;
				SWIFT_VERSION = 5.0;
			};
			name = Release;
		};
		F5FE8C0A2E579DC0005E144D /* Debug */ = {
			isa = XCBuildConfiguration;
			buildSettings = {
				BUNDLE_LOADER = "$(TEST_HOST)";
				CODE_SIGN_STYLE = Automatic;
				CURRENT_PROJECT_VERSION = 1;
				GENERATE_INFOPLIST_FILE = YES;
				MACOSX_DEPLOYMENT_TARGET = 15.2;
				MARKETING_VERSION = 1.0;
				PRODUCT_BUNDLE_IDENTIFIER = up.ccfddlTests;
				PRODUCT_NAME = "$(TARGET_NAME)";
				SWIFT_EMIT_LOC_STRINGS = NO;
				SWIFT_VERSION = 5.0;
				TEST_HOST = "$(BUILT_PRODUCTS_DIR)/ccfddl.app/$(BUNDLE_EXECUTABLE_FOLDER_PATH)/ccfddl";
			};
			name = Debug;
		};
		F5FE8C0B2E579DC0005E144D /* Release */ = {
			isa = XCBuildConfiguration;
			buildSettings = {
				BUNDLE_LOADER = "$(TEST_HOST)";
				CODE_SIGN_STYLE = Automatic;
				CURRENT_PROJECT_VERSION = 1;
				GENERATE_INFOPLIST_FILE = YES;
				MACOSX_DEPLOYMENT_TARGET = 15.2;
				MARKETING_VERSION = 1.0;
				PRODUCT_BUNDLE_IDENTIFIER = up.ccfddlTests;
				PRODUCT_NAME = "$(TARGET_NAME)";
				SWIFT_EMIT_LOC_STRINGS = NO;
				SWIFT_VERSION = 5.0;
				TEST_HOST = "$(BUILT_PRODUCTS_DIR)/ccfddl.app/$(BUNDLE_EXECUTABLE_FOLDER_PATH)/ccfddl";
			};
			name = Release;
		};
		F5FE8C0D2E579DC0005E144D /* Debug */ = {
			isa = XCBuildConfiguration;
			buildSettings = {
				CODE_SIGN_STYLE = Automatic;
				CURRENT_PROJECT_VERSION = 1;
				GENERATE_INFOPLIST_FILE = YES;
				MARKETING_VERSION = 1.0;
				PRODUCT_BUNDLE_IDENTIFIER = up.ccfddlUITests;
				PRODUCT_NAME = "$(TARGET_NAME)";
				SWIFT_EMIT_LOC_STRINGS = NO;
				SWIFT_VERSION = 5.0;
				TEST_TARGET_NAME = ccfddl;
			};
			name = Debug;
		};
		F5FE8C0E2E579DC0005E144D /* Release */ = {
			isa = XCBuildConfiguration;
			buildSettings = {
				CODE_SIGN_STYLE = Automatic;
				CURRENT_PROJECT_VERSION = 1;
				GENERATE_INFOPLIST_FILE = YES;
				MARKETING_VERSION = 1.0;
				PRODUCT_BUNDLE_IDENTIFIER = up.ccfddlUITests;
				PRODUCT_NAME = "$(TARGET_NAME)";
				SWIFT_EMIT_LOC_STRINGS = NO;
				SWIFT_VERSION = 5.0;
				TEST_TARGET_NAME = ccfddl;
			};
			name = Release;
		};
/* End XCBuildConfiguration section */

/* Begin XCConfigurationList section */
		F5FE8BDC2E579DBF005E144D /* Build configuration list for PBXProject "ccfddl" */ = {
			isa = XCConfigurationList;
			buildConfigurations = (
				F5FE8C042E579DC0005E144D /* Debug */,
				F5FE8C052E579DC0005E144D /* Release */,
			);
			defaultConfigurationIsVisible = 0;
			defaultConfigurationName = Release;
		};
		F5FE8C062E579DC0005E144D /* Build configuration list for PBXNativeTarget "ccfddl" */ = {
			isa = XCConfigurationList;
			buildConfigurations = (
				F5FE8C072E579DC0005E144D /* Debug */,
				F5FE8C082E579DC0005E144D /* Release */,
			);
			defaultConfigurationIsVisible = 0;
			defaultConfigurationName = Release;
		};
		F5FE8C092E579DC0005E144D /* Build configuration list for PBXNativeTarget "ccfddlTests" */ = {
			isa = XCConfigurationList;
			buildConfigurations = (
				F5FE8C0A2E579DC0005E144D /* Debug */,
				F5FE8C0B2E579DC0005E144D /* Release */,
			);
			defaultConfigurationIsVisible = 0;
			defaultConfigurationName = Release;
		};
		F5FE8C0C2E579DC0005E144D /* Build configuration list for PBXNativeTarget "ccfddlUITests" */ = {
			isa = XCConfigurationList;
			buildConfigurations = (
				F5FE8C0D2E579DC0005E144D /* Debug */,
				F5FE8C0E2E579DC0005E144D /* Release */,
			);
			defaultConfigurationIsVisible = 0;
			defaultConfigurationName = Release;
		};
/* End XCConfigurationList section */
	};
	rootObject = F5FE8BD92E579DBF005E144D /* Project object */;
}
